// !$*UTF8*$!
{
	archiveVersion = 1;
	classes = {
	};
	objectVersion = 55;
	objects = {

/* Begin PBXBuildFile section */
		8E5CF4F728AC4BAF000BB6EA /* AppColor.swift in Sources */ = {isa = PBXBuildFile; fileRef = 8E5CF4F628AC4BAF000BB6EA /* AppColor.swift */; };
		8E5CF4F928AC4D84000BB6EA /* AlertEnum.swift in Sources */ = {isa = PBXBuildFile; fileRef = 8E5CF4F828AC4D84000BB6EA /* AlertEnum.swift */; };
		8E5CF4FB28AC4FBF000BB6EA /* UIViewControllerExtension.swift in Sources */ = {isa = PBXBuildFile; fileRef = 8E5CF4FA28AC4FBF000BB6EA /* UIViewControllerExtension.swift */; };
		8E5CF4FE28AC5057000BB6EA /* PersonRealmManager.swift in Sources */ = {isa = PBXBuildFile; fileRef = 8E5CF4FD28AC5057000BB6EA /* PersonRealmManager.swift */; };
		8E5CF50128AC5127000BB6EA /* User.swift in Sources */ = {isa = PBXBuildFile; fileRef = 8E5CF50028AC5127000BB6EA /* User.swift */; };
		8E5CF50828AC542B000BB6EA /* PersonTableViewCell.swift in Sources */ = {isa = PBXBuildFile; fileRef = 8E5CF50628AC542B000BB6EA /* PersonTableViewCell.swift */; };
		8E5CF50928AC542B000BB6EA /* PersonTableViewCell.xib in Resources */ = {isa = PBXBuildFile; fileRef = 8E5CF50728AC542B000BB6EA /* PersonTableViewCell.xib */; };
		8E5CF50E28AC55B6000BB6EA /* CurrentUser.storyboard in Resources */ = {isa = PBXBuildFile; fileRef = 8E5CF50D28AC55B6000BB6EA /* CurrentUser.storyboard */; };
		8E64A4A128AC15C800552302 /* StoryboardEnum.swift in Sources */ = {isa = PBXBuildFile; fileRef = 8E64A4A028AC15C800552302 /* StoryboardEnum.swift */; };
		8E64A4A428AC169700552302 /* UIStoryboardExtension.swift in Sources */ = {isa = PBXBuildFile; fileRef = 8E64A4A328AC169700552302 /* UIStoryboardExtension.swift */; };
		8EB14A8F28AC027000773A84 /* AppDelegate.swift in Sources */ = {isa = PBXBuildFile; fileRef = 8EB14A8E28AC027000773A84 /* AppDelegate.swift */; };
		8EB14A9828AC027100773A84 /* Assets.xcassets in Resources */ = {isa = PBXBuildFile; fileRef = 8EB14A9728AC027100773A84 /* Assets.xcassets */; };
		8EB14A9B28AC027100773A84 /* LaunchScreen.storyboard in Resources */ = {isa = PBXBuildFile; fileRef = 8EB14A9928AC027100773A84 /* LaunchScreen.storyboard */; };
		8EB14AA628AC04D900773A84 /* CreatePerson.storyboard in Resources */ = {isa = PBXBuildFile; fileRef = 8EB14AA528AC04D900773A84 /* CreatePerson.storyboard */; };
		8EB14AAA28AC084000773A84 /* CreatePersonViewController.swift in Sources */ = {isa = PBXBuildFile; fileRef = 8EB14AA928AC084000773A84 /* CreatePersonViewController.swift */; };
		8EB14AAE28AC09EB00773A84 /* UsersTable.storyboard in Resources */ = {isa = PBXBuildFile; fileRef = 8EB14AAD28AC09EB00773A84 /* UsersTable.storyboard */; };
		8EB14AB328AC0A0D00773A84 /* UsersTableViewController.swift in Sources */ = {isa = PBXBuildFile; fileRef = 8EB14AB228AC0A0D00773A84 /* UsersTableViewController.swift */; };
		8EF54AA828ACDBF4007914CF /* UsersTableViewCellDataSource.swift in Sources */ = {isa = PBXBuildFile; fileRef = 8EF54AA728ACDBF4007914CF /* UsersTableViewCellDataSource.swift */; };
		8EF54AAB28ACDDC3007914CF /* UserCellDelegate.swift in Sources */ = {isa = PBXBuildFile; fileRef = 8EF54AAA28ACDDC3007914CF /* UserCellDelegate.swift */; };
		8EF54AAE28ACE160007914CF /* UsersTableScreenCoordinator.swift in Sources */ = {isa = PBXBuildFile; fileRef = 8EF54AAD28ACE160007914CF /* UsersTableScreenCoordinator.swift */; };
		8EF54AB028ACE8C2007914CF /* CurrentUserViewController.swift in Sources */ = {isa = PBXBuildFile; fileRef = 8EF54AAF28ACE8C2007914CF /* CurrentUserViewController.swift */; };
		8EF54AB328AD03E8007914CF /* CreatePersonScreenCoordinator.swift in Sources */ = {isa = PBXBuildFile; fileRef = 8EF54AB228AD03E8007914CF /* CreatePersonScreenCoordinator.swift */; };
		8EF54AB528AD0718007914CF /* UINavigationController.swift in Sources */ = {isa = PBXBuildFile; fileRef = 8EF54AB428AD0718007914CF /* UINavigationController.swift */; };
		8EF54AB828AD0B6F007914CF /* CurrentUserScreenCoordinator.swift in Sources */ = {isa = PBXBuildFile; fileRef = 8EF54AB728AD0B6F007914CF /* CurrentUserScreenCoordinator.swift */; };
		8EF54ABB28AD16E1007914CF /* UsersTableScreenDataSource.swift in Sources */ = {isa = PBXBuildFile; fileRef = 8EF54ABA28AD16E1007914CF /* UsersTableScreenDataSource.swift */; };
		8EF54ABF28AD17B8007914CF /* UsersTableScreenDelegate.swift in Sources */ = {isa = PBXBuildFile; fileRef = 8EF54ABE28AD17B8007914CF /* UsersTableScreenDelegate.swift */; };
		8EF54AC228AD52CE007914CF /* UserTableViewCell.swift in Sources */ = {isa = PBXBuildFile; fileRef = 8EF54AC128AD52CE007914CF /* UserTableViewCell.swift */; };
		8EF54AC628AD77BE007914CF /* UsersTableScreenLayoutManager.swift in Sources */ = {isa = PBXBuildFile; fileRef = 8EF54AC528AD77BE007914CF /* UsersTableScreenLayoutManager.swift */; };
		8EF54ACB28AD9FA2007914CF /* CreatePersonScreenLayoutManager.swift in Sources */ = {isa = PBXBuildFile; fileRef = 8EF54ACA28AD9FA2007914CF /* CreatePersonScreenLayoutManager.swift */; };
		8EF54ACE28AE3B06007914CF /* CreatePersonScreenDelegate.swift in Sources */ = {isa = PBXBuildFile; fileRef = 8EF54ACD28AE3B06007914CF /* CreatePersonScreenDelegate.swift */; };
		AD2839B78F1784167FCA9219 /* Pods_Person.framework in Frameworks */ = {isa = PBXBuildFile; fileRef = BA8CF2CA2479CB3823B60110 /* Pods_Person.framework */; };
/* End PBXBuildFile section */

/* Begin PBXFileReference section */
		63EB1D74E781D3EF8D8D3DBB /* Pods-Person.debug.xcconfig */ = {isa = PBXFileReference; includeInIndex = 1; lastKnownFileType = text.xcconfig; name = "Pods-Person.debug.xcconfig"; path = "Target Support Files/Pods-Person/Pods-Person.debug.xcconfig"; sourceTree = "<group>"; };
		8E5CF4F628AC4BAF000BB6EA /* AppColor.swift */ = {isa = PBXFileReference; lastKnownFileType = sourcecode.swift; path = AppColor.swift; sourceTree = "<group>"; };
		8E5CF4F828AC4D84000BB6EA /* AlertEnum.swift */ = {isa = PBXFileReference; lastKnownFileType = sourcecode.swift; path = AlertEnum.swift; sourceTree = "<group>"; };
		8E5CF4FA28AC4FBF000BB6EA /* UIViewControllerExtension.swift */ = {isa = PBXFileReference; lastKnownFileType = sourcecode.swift; path = UIViewControllerExtension.swift; sourceTree = "<group>"; };
		8E5CF4FD28AC5057000BB6EA /* PersonRealmManager.swift */ = {isa = PBXFileReference; lastKnownFileType = sourcecode.swift; path = PersonRealmManager.swift; sourceTree = "<group>"; };
		8E5CF50028AC5127000BB6EA /* User.swift */ = {isa = PBXFileReference; lastKnownFileType = sourcecode.swift; path = User.swift; sourceTree = "<group>"; };
		8E5CF50628AC542B000BB6EA /* PersonTableViewCell.swift */ = {isa = PBXFileReference; lastKnownFileType = sourcecode.swift; path = PersonTableViewCell.swift; sourceTree = "<group>"; };
		8E5CF50728AC542B000BB6EA /* PersonTableViewCell.xib */ = {isa = PBXFileReference; lastKnownFileType = file.xib; path = PersonTableViewCell.xib; sourceTree = "<group>"; };
		8E5CF50D28AC55B6000BB6EA /* CurrentUser.storyboard */ = {isa = PBXFileReference; lastKnownFileType = file.storyboard; path = CurrentUser.storyboard; sourceTree = "<group>"; };
		8E64A4A028AC15C800552302 /* StoryboardEnum.swift */ = {isa = PBXFileReference; lastKnownFileType = sourcecode.swift; path = StoryboardEnum.swift; sourceTree = "<group>"; };
		8E64A4A328AC169700552302 /* UIStoryboardExtension.swift */ = {isa = PBXFileReference; lastKnownFileType = sourcecode.swift; path = UIStoryboardExtension.swift; sourceTree = "<group>"; };
		8EB14A8B28AC027000773A84 /* Person.app */ = {isa = PBXFileReference; explicitFileType = wrapper.application; includeInIndex = 0; path = Person.app; sourceTree = BUILT_PRODUCTS_DIR; };
		8EB14A8E28AC027000773A84 /* AppDelegate.swift */ = {isa = PBXFileReference; lastKnownFileType = sourcecode.swift; path = AppDelegate.swift; sourceTree = "<group>"; };
		8EB14A9728AC027100773A84 /* Assets.xcassets */ = {isa = PBXFileReference; lastKnownFileType = folder.assetcatalog; path = Assets.xcassets; sourceTree = "<group>"; };
		8EB14A9A28AC027100773A84 /* Base */ = {isa = PBXFileReference; lastKnownFileType = file.storyboard; name = Base; path = Base.lproj/LaunchScreen.storyboard; sourceTree = "<group>"; };
		8EB14A9C28AC027100773A84 /* Info.plist */ = {isa = PBXFileReference; lastKnownFileType = text.plist.xml; path = Info.plist; sourceTree = "<group>"; };
		8EB14AA528AC04D900773A84 /* CreatePerson.storyboard */ = {isa = PBXFileReference; lastKnownFileType = file.storyboard; path = CreatePerson.storyboard; sourceTree = "<group>"; };
		8EB14AA928AC084000773A84 /* CreatePersonViewController.swift */ = {isa = PBXFileReference; lastKnownFileType = sourcecode.swift; path = CreatePersonViewController.swift; sourceTree = "<group>"; };
		8EB14AAD28AC09EB00773A84 /* UsersTable.storyboard */ = {isa = PBXFileReference; lastKnownFileType = file.storyboard; path = UsersTable.storyboard; sourceTree = "<group>"; };
		8EB14AB228AC0A0D00773A84 /* UsersTableViewController.swift */ = {isa = PBXFileReference; lastKnownFileType = sourcecode.swift; path = UsersTableViewController.swift; sourceTree = "<group>"; };
		8EF54AA728ACDBF4007914CF /* UsersTableViewCellDataSource.swift */ = {isa = PBXFileReference; lastKnownFileType = sourcecode.swift; path = UsersTableViewCellDataSource.swift; sourceTree = "<group>"; };
		8EF54AAA28ACDDC3007914CF /* UserCellDelegate.swift */ = {isa = PBXFileReference; lastKnownFileType = sourcecode.swift; path = UserCellDelegate.swift; sourceTree = "<group>"; };
		8EF54AAD28ACE160007914CF /* UsersTableScreenCoordinator.swift */ = {isa = PBXFileReference; lastKnownFileType = sourcecode.swift; path = UsersTableScreenCoordinator.swift; sourceTree = "<group>"; };
		8EF54AAF28ACE8C2007914CF /* CurrentUserViewController.swift */ = {isa = PBXFileReference; lastKnownFileType = sourcecode.swift; path = CurrentUserViewController.swift; sourceTree = "<group>"; };
		8EF54AB228AD03E8007914CF /* CreatePersonScreenCoordinator.swift */ = {isa = PBXFileReference; lastKnownFileType = sourcecode.swift; path = CreatePersonScreenCoordinator.swift; sourceTree = "<group>"; };
		8EF54AB428AD0718007914CF /* UINavigationController.swift */ = {isa = PBXFileReference; lastKnownFileType = sourcecode.swift; path = UINavigationController.swift; sourceTree = "<group>"; };
		8EF54AB728AD0B6F007914CF /* CurrentUserScreenCoordinator.swift */ = {isa = PBXFileReference; lastKnownFileType = sourcecode.swift; path = CurrentUserScreenCoordinator.swift; sourceTree = "<group>"; };
		8EF54ABA28AD16E1007914CF /* UsersTableScreenDataSource.swift */ = {isa = PBXFileReference; lastKnownFileType = sourcecode.swift; path = UsersTableScreenDataSource.swift; sourceTree = "<group>"; };
		8EF54ABE28AD17B8007914CF /* UsersTableScreenDelegate.swift */ = {isa = PBXFileReference; lastKnownFileType = sourcecode.swift; path = UsersTableScreenDelegate.swift; sourceTree = "<group>"; };
		8EF54AC128AD52CE007914CF /* UserTableViewCell.swift */ = {isa = PBXFileReference; lastKnownFileType = sourcecode.swift; path = UserTableViewCell.swift; sourceTree = "<group>"; };
		8EF54AC528AD77BE007914CF /* UsersTableScreenLayoutManager.swift */ = {isa = PBXFileReference; lastKnownFileType = sourcecode.swift; path = UsersTableScreenLayoutManager.swift; sourceTree = "<group>"; };
		8EF54ACA28AD9FA2007914CF /* CreatePersonScreenLayoutManager.swift */ = {isa = PBXFileReference; lastKnownFileType = sourcecode.swift; path = CreatePersonScreenLayoutManager.swift; sourceTree = "<group>"; };
		8EF54ACD28AE3B06007914CF /* CreatePersonScreenDelegate.swift */ = {isa = PBXFileReference; lastKnownFileType = sourcecode.swift; path = CreatePersonScreenDelegate.swift; sourceTree = "<group>"; };
		BA8CF2CA2479CB3823B60110 /* Pods_Person.framework */ = {isa = PBXFileReference; explicitFileType = wrapper.framework; includeInIndex = 0; path = Pods_Person.framework; sourceTree = BUILT_PRODUCTS_DIR; };
		CEEF8E77F13668E6D51A29D0 /* Pods-Person.release.xcconfig */ = {isa = PBXFileReference; includeInIndex = 1; lastKnownFileType = text.xcconfig; name = "Pods-Person.release.xcconfig"; path = "Target Support Files/Pods-Person/Pods-Person.release.xcconfig"; sourceTree = "<group>"; };
/* End PBXFileReference section */

/* Begin PBXFrameworksBuildPhase section */
		8EB14A8828AC027000773A84 /* Frameworks */ = {
			isa = PBXFrameworksBuildPhase;
			buildActionMask = 2147483647;
			files = (
				AD2839B78F1784167FCA9219 /* Pods_Person.framework in Frameworks */,
			);
			runOnlyForDeploymentPostprocessing = 0;
		};
/* End PBXFrameworksBuildPhase section */

/* Begin PBXGroup section */
		8E5CF4F528AC4BA1000BB6EA /* AppStyle */ = {
			isa = PBXGroup;
			children = (
				8E5CF4F628AC4BAF000BB6EA /* AppColor.swift */,
			);
			path = AppStyle;
			sourceTree = "<group>";
		};
		8E5CF4FC28AC5044000BB6EA /* Managers */ = {
			isa = PBXGroup;
			children = (
				8E5CF4FD28AC5057000BB6EA /* PersonRealmManager.swift */,
			);
			path = Managers;
			sourceTree = "<group>";
		};
		8E5CF4FF28AC510F000BB6EA /* LocalStorage */ = {
			isa = PBXGroup;
			children = (
				8E5CF50028AC5127000BB6EA /* User.swift */,
			);
			path = LocalStorage;
			sourceTree = "<group>";
		};
		8E5CF50228AC53D5000BB6EA /* Reusable */ = {
			isa = PBXGroup;
			children = (
				8E5CF50328AC53E2000BB6EA /* PersonTableViewCell */,
			);
			path = Reusable;
			sourceTree = "<group>";
		};
		8E5CF50328AC53E2000BB6EA /* PersonTableViewCell */ = {
			isa = PBXGroup;
			children = (
				8EF54AA928ACDDB3007914CF /* Protocol */,
				8EF54AA628ACDBDB007914CF /* DataSource */,
				8E5CF50428AC53F3000BB6EA /* Cell */,
				8E5CF50528AC53F7000BB6EA /* Xib */,
			);
			path = PersonTableViewCell;
			sourceTree = "<group>";
		};
		8E5CF50428AC53F3000BB6EA /* Cell */ = {
			isa = PBXGroup;
			children = (
				8E5CF50628AC542B000BB6EA /* PersonTableViewCell.swift */,
			);
			path = Cell;
			sourceTree = "<group>";
		};
		8E5CF50528AC53F7000BB6EA /* Xib */ = {
			isa = PBXGroup;
			children = (
				8E5CF50728AC542B000BB6EA /* PersonTableViewCell.xib */,
			);
			path = Xib;
			sourceTree = "<group>";
		};
		8E5CF50A28AC5570000BB6EA /* CurrentUser */ = {
			isa = PBXGroup;
			children = (
				8EF54AC728AD94DC007914CF /* Managers */,
				8E5CF50B28AC5584000BB6EA /* ViewController */,
				8E5CF50C28AC5596000BB6EA /* Storyboard */,
			);
			path = CurrentUser;
			sourceTree = "<group>";
		};
		8E5CF50B28AC5584000BB6EA /* ViewController */ = {
			isa = PBXGroup;
			children = (
				8EF54AAF28ACE8C2007914CF /* CurrentUserViewController.swift */,
			);
			path = ViewController;
			sourceTree = "<group>";
		};
		8E5CF50C28AC5596000BB6EA /* Storyboard */ = {
			isa = PBXGroup;
			children = (
				8E5CF50D28AC55B6000BB6EA /* CurrentUser.storyboard */,
			);
			path = Storyboard;
			sourceTree = "<group>";
		};
		8E64A49D28AC159D00552302 /* Core */ = {
			isa = PBXGroup;
			children = (
				8E5CF4FF28AC510F000BB6EA /* LocalStorage */,
				8E5CF4FC28AC5044000BB6EA /* Managers */,
				8E64A4A228AC168500552302 /* Extensions */,
				8E64A49E28AC15A400552302 /* Constants */,
				8E5CF4F528AC4BA1000BB6EA /* AppStyle */,
			);
			path = Core;
			sourceTree = "<group>";
		};
		8E64A49E28AC15A400552302 /* Constants */ = {
			isa = PBXGroup;
			children = (
				8E64A4A028AC15C800552302 /* StoryboardEnum.swift */,
				8E5CF4F828AC4D84000BB6EA /* AlertEnum.swift */,
			);
			path = Constants;
			sourceTree = "<group>";
		};
		8E64A4A228AC168500552302 /* Extensions */ = {
			isa = PBXGroup;
			children = (
				8E64A4A328AC169700552302 /* UIStoryboardExtension.swift */,
				8E5CF4FA28AC4FBF000BB6EA /* UIViewControllerExtension.swift */,
				8EF54AB428AD0718007914CF /* UINavigationController.swift */,
			);
			path = Extensions;
			sourceTree = "<group>";
		};
		8EB14A8228AC027000773A84 = {
			isa = PBXGroup;
			children = (
				8EB14A8D28AC027000773A84 /* Person */,
				8EB14A8C28AC027000773A84 /* Products */,
				DE01125C8048C9B936A910E8 /* Pods */,
				E2F07FB7AE28E5362705FBB8 /* Frameworks */,
			);
			sourceTree = "<group>";
		};
		8EB14A8C28AC027000773A84 /* Products */ = {
			isa = PBXGroup;
			children = (
				8EB14A8B28AC027000773A84 /* Person.app */,
			);
			name = Products;
			sourceTree = "<group>";
		};
		8EB14A8D28AC027000773A84 /* Person */ = {
			isa = PBXGroup;
			children = (
				8E5CF50228AC53D5000BB6EA /* Reusable */,
				8EB14AA228AC048500773A84 /* Groups */,
				8E64A49D28AC159D00552302 /* Core */,
				8EB14AA728AC04E400773A84 /* Person */,
			);
			path = Person;
			sourceTree = "<group>";
		};
		8EB14AA228AC048500773A84 /* Groups */ = {
			isa = PBXGroup;
			children = (
				8E5CF50A28AC5570000BB6EA /* CurrentUser */,
				8EB14AAB28AC09BA00773A84 /* UsersTable */,
				8EB14AA328AC048C00773A84 /* CreatePerson */,
			);
			path = Groups;
			sourceTree = "<group>";
		};
		8EB14AA328AC048C00773A84 /* CreatePerson */ = {
			isa = PBXGroup;
			children = (
				8EF54ACC28AE3AEA007914CF /* Protocol */,
				8EF54AC828AD94F7007914CF /* Managers */,
				8EB14AA828AC081A00773A84 /* ViewController */,
				8EB14AA428AC04A000773A84 /* Storyboard */,
			);
			path = CreatePerson;
			sourceTree = "<group>";
		};
		8EB14AA428AC04A000773A84 /* Storyboard */ = {
			isa = PBXGroup;
			children = (
				8EB14AA528AC04D900773A84 /* CreatePerson.storyboard */,
			);
			path = Storyboard;
			sourceTree = "<group>";
		};
		8EB14AA728AC04E400773A84 /* Person */ = {
			isa = PBXGroup;
			children = (
				8EB14A9C28AC027100773A84 /* Info.plist */,
				8EB14A9728AC027100773A84 /* Assets.xcassets */,
				8EB14A8E28AC027000773A84 /* AppDelegate.swift */,
				8EB14A9928AC027100773A84 /* LaunchScreen.storyboard */,
			);
			path = Person;
			sourceTree = "<group>";
		};
		8EB14AA828AC081A00773A84 /* ViewController */ = {
			isa = PBXGroup;
			children = (
				8EB14AA928AC084000773A84 /* CreatePersonViewController.swift */,
			);
			path = ViewController;
			sourceTree = "<group>";
		};
		8EB14AAB28AC09BA00773A84 /* UsersTable */ = {
			isa = PBXGroup;
			children = (
				8EF54ABC28AD178F007914CF /* Protocol */,
				8EF54AC028AD52C5007914CF /* Cell */,
				8EF54AB928AD16BA007914CF /* DataSource */,
				8EF54AC328AD7794007914CF /* Managers */,
				8EB14AB128AC0A0000773A84 /* ViewController */,
				8EB14AAC28AC09CB00773A84 /* Storyboard */,
			);
			path = UsersTable;
			sourceTree = "<group>";
		};
		8EB14AAC28AC09CB00773A84 /* Storyboard */ = {
			isa = PBXGroup;
			children = (
				8EB14AAD28AC09EB00773A84 /* UsersTable.storyboard */,
			);
			path = Storyboard;
			sourceTree = "<group>";
		};
		8EB14AB128AC0A0000773A84 /* ViewController */ = {
			isa = PBXGroup;
			children = (
				8EB14AB228AC0A0D00773A84 /* UsersTableViewController.swift */,
			);
			path = ViewController;
			sourceTree = "<group>";
		};
		8EF54AA628ACDBDB007914CF /* DataSource */ = {
			isa = PBXGroup;
			children = (
				8EF54AA728ACDBF4007914CF /* UsersTableViewCellDataSource.swift */,
			);
			path = DataSource;
			sourceTree = "<group>";
		};
		8EF54AA928ACDDB3007914CF /* Protocol */ = {
			isa = PBXGroup;
			children = (
				8EF54AAA28ACDDC3007914CF /* UserCellDelegate.swift */,
			);
			path = Protocol;
			sourceTree = "<group>";
		};
		8EF54AAC28ACE13F007914CF /* Coordinator */ = {
			isa = PBXGroup;
			children = (
				8EF54AAD28ACE160007914CF /* UsersTableScreenCoordinator.swift */,
			);
			path = Coordinator;
			sourceTree = "<group>";
		};
		8EF54AB128AD03C6007914CF /* Coordinator */ = {
			isa = PBXGroup;
			children = (
				8EF54AB228AD03E8007914CF /* CreatePersonScreenCoordinator.swift */,
			);
			path = Coordinator;
			sourceTree = "<group>";
		};
		8EF54AB628AD0B41007914CF /* Coordinator */ = {
			isa = PBXGroup;
			children = (
				8EF54AB728AD0B6F007914CF /* CurrentUserScreenCoordinator.swift */,
			);
			path = Coordinator;
			sourceTree = "<group>";
		};
		8EF54AB928AD16BA007914CF /* DataSource */ = {
			isa = PBXGroup;
			children = (
				8EF54ABA28AD16E1007914CF /* UsersTableScreenDataSource.swift */,
			);
			path = DataSource;
			sourceTree = "<group>";
		};
		8EF54ABC28AD178F007914CF /* Protocol */ = {
			isa = PBXGroup;
			children = (
				8EF54ABE28AD17B8007914CF /* UsersTableScreenDelegate.swift */,
			);
			path = Protocol;
			sourceTree = "<group>";
		};
		8EF54AC028AD52C5007914CF /* Cell */ = {
			isa = PBXGroup;
			children = (
				8EF54AC128AD52CE007914CF /* UserTableViewCell.swift */,
			);
			path = Cell;
			sourceTree = "<group>";
		};
		8EF54AC328AD7794007914CF /* Managers */ = {
			isa = PBXGroup;
			children = (
				8EF54AAC28ACE13F007914CF /* Coordinator */,
				8EF54AC428AD779D007914CF /* Layout */,
			);
			path = Managers;
			sourceTree = "<group>";
		};
		8EF54AC428AD779D007914CF /* Layout */ = {
			isa = PBXGroup;
			children = (
				8EF54AC528AD77BE007914CF /* UsersTableScreenLayoutManager.swift */,
			);
			path = Layout;
			sourceTree = "<group>";
		};
		8EF54AC728AD94DC007914CF /* Managers */ = {
			isa = PBXGroup;
			children = (
				8EF54AB628AD0B41007914CF /* Coordinator */,
			);
			path = Managers;
			sourceTree = "<group>";
		};
		8EF54AC828AD94F7007914CF /* Managers */ = {
			isa = PBXGroup;
			children = (
				8EF54AB128AD03C6007914CF /* Coordinator */,
				8EF54AC928AD9F74007914CF /* Layout */,
			);
			path = Managers;
			sourceTree = "<group>";
		};
		8EF54AC928AD9F74007914CF /* Layout */ = {
			isa = PBXGroup;
			children = (
				8EF54ACA28AD9FA2007914CF /* CreatePersonScreenLayoutManager.swift */,
			);
			path = Layout;
			sourceTree = "<group>";
		};
		8EF54ACC28AE3AEA007914CF /* Protocol */ = {
			isa = PBXGroup;
			children = (
				8EF54ACD28AE3B06007914CF /* CreatePersonScreenDelegate.swift */,
			);
			path = Protocol;
			sourceTree = "<group>";
		};
		DE01125C8048C9B936A910E8 /* Pods */ = {
			isa = PBXGroup;
			children = (
				63EB1D74E781D3EF8D8D3DBB /* Pods-Person.debug.xcconfig */,
				CEEF8E77F13668E6D51A29D0 /* Pods-Person.release.xcconfig */,
			);
			path = Pods;
			sourceTree = "<group>";
		};
		E2F07FB7AE28E5362705FBB8 /* Frameworks */ = {
			isa = PBXGroup;
			children = (
				BA8CF2CA2479CB3823B60110 /* Pods_Person.framework */,
			);
			name = Frameworks;
			sourceTree = "<group>";
		};
/* End PBXGroup section */

/* Begin PBXNativeTarget section */
		8EB14A8A28AC027000773A84 /* Person */ = {
			isa = PBXNativeTarget;
			buildConfigurationList = 8EB14A9F28AC027100773A84 /* Build configuration list for PBXNativeTarget "Person" */;
			buildPhases = (
				121C1C3FA8E83511DEC1B819 /* [CP] Check Pods Manifest.lock */,
				8EB14A8728AC027000773A84 /* Sources */,
				8EB14A8828AC027000773A84 /* Frameworks */,
				8EB14A8928AC027000773A84 /* Resources */,
				C44C4CE899AB6E99919B1DD0 /* [CP] Embed Pods Frameworks */,
			);
			buildRules = (
			);
			dependencies = (
			);
			name = Person;
			productName = Person;
			productReference = 8EB14A8B28AC027000773A84 /* Person.app */;
			productType = "com.apple.product-type.application";
		};
/* End PBXNativeTarget section */

/* Begin PBXProject section */
		8EB14A8328AC027000773A84 /* Project object */ = {
			isa = PBXProject;
			attributes = {
				BuildIndependentTargetsInParallel = 1;
				LastSwiftUpdateCheck = 1340;
				LastUpgradeCheck = 1340;
				TargetAttributes = {
					8EB14A8A28AC027000773A84 = {
						CreatedOnToolsVersion = 13.4.1;
					};
				};
			};
			buildConfigurationList = 8EB14A8628AC027000773A84 /* Build configuration list for PBXProject "Person" */;
			compatibilityVersion = "Xcode 13.0";
			developmentRegion = en;
			hasScannedForEncodings = 0;
			knownRegions = (
				en,
				Base,
			);
			mainGroup = 8EB14A8228AC027000773A84;
			productRefGroup = 8EB14A8C28AC027000773A84 /* Products */;
			projectDirPath = "";
			projectRoot = "";
			targets = (
				8EB14A8A28AC027000773A84 /* Person */,
			);
		};
/* End PBXProject section */

/* Begin PBXResourcesBuildPhase section */
		8EB14A8928AC027000773A84 /* Resources */ = {
			isa = PBXResourcesBuildPhase;
			buildActionMask = 2147483647;
			files = (
				8EB14AAE28AC09EB00773A84 /* UsersTable.storyboard in Resources */,
				8E5CF50928AC542B000BB6EA /* PersonTableViewCell.xib in Resources */,
				8EB14A9B28AC027100773A84 /* LaunchScreen.storyboard in Resources */,
				8E5CF50E28AC55B6000BB6EA /* CurrentUser.storyboard in Resources */,
				8EB14AA628AC04D900773A84 /* CreatePerson.storyboard in Resources */,
				8EB14A9828AC027100773A84 /* Assets.xcassets in Resources */,
			);
			runOnlyForDeploymentPostprocessing = 0;
		};
/* End PBXResourcesBuildPhase section */

/* Begin PBXShellScriptBuildPhase section */
		121C1C3FA8E83511DEC1B819 /* [CP] Check Pods Manifest.lock */ = {
			isa = PBXShellScriptBuildPhase;
			buildActionMask = 2147483647;
			files = (
			);
			inputFileListPaths = (
			);
			inputPaths = (
				"${PODS_PODFILE_DIR_PATH}/Podfile.lock",
				"${PODS_ROOT}/Manifest.lock",
			);
			name = "[CP] Check Pods Manifest.lock";
			outputFileListPaths = (
			);
			outputPaths = (
				"$(DERIVED_FILE_DIR)/Pods-Person-checkManifestLockResult.txt",
			);
			runOnlyForDeploymentPostprocessing = 0;
			shellPath = /bin/sh;
			shellScript = "diff \"${PODS_PODFILE_DIR_PATH}/Podfile.lock\" \"${PODS_ROOT}/Manifest.lock\" > /dev/null\nif [ $? != 0 ] ; then\n    # print error to STDERR\n    echo \"error: The sandbox is not in sync with the Podfile.lock. Run 'pod install' or update your CocoaPods installation.\" >&2\n    exit 1\nfi\n# This output is used by Xcode 'outputs' to avoid re-running this script phase.\necho \"SUCCESS\" > \"${SCRIPT_OUTPUT_FILE_0}\"\n";
			showEnvVarsInLog = 0;
		};
		C44C4CE899AB6E99919B1DD0 /* [CP] Embed Pods Frameworks */ = {
			isa = PBXShellScriptBuildPhase;
			buildActionMask = 2147483647;
			files = (
			);
			inputFileListPaths = (
				"${PODS_ROOT}/Target Support Files/Pods-Person/Pods-Person-frameworks-${CONFIGURATION}-input-files.xcfilelist",
			);
			name = "[CP] Embed Pods Frameworks";
			outputFileListPaths = (
				"${PODS_ROOT}/Target Support Files/Pods-Person/Pods-Person-frameworks-${CONFIGURATION}-output-files.xcfilelist",
			);
			runOnlyForDeploymentPostprocessing = 0;
			shellPath = /bin/sh;
			shellScript = "\"${PODS_ROOT}/Target Support Files/Pods-Person/Pods-Person-frameworks.sh\"\n";
			showEnvVarsInLog = 0;
		};
/* End PBXShellScriptBuildPhase section */

/* Begin PBXSourcesBuildPhase section */
		8EB14A8728AC027000773A84 /* Sources */ = {
			isa = PBXSourcesBuildPhase;
			buildActionMask = 2147483647;
			files = (
				8EF54ACB28AD9FA2007914CF /* CreatePersonScreenLayoutManager.swift in Sources */,
				8EB14A8F28AC027000773A84 /* AppDelegate.swift in Sources */,
				8EF54AA828ACDBF4007914CF /* UsersTableViewCellDataSource.swift in Sources */,
				8EF54ABF28AD17B8007914CF /* UsersTableScreenDelegate.swift in Sources */,
				8EF54ABB28AD16E1007914CF /* UsersTableScreenDataSource.swift in Sources */,
				8E5CF4FE28AC5057000BB6EA /* PersonRealmManager.swift in Sources */,
				8EF54AAB28ACDDC3007914CF /* UserCellDelegate.swift in Sources */,
				8EB14AAA28AC084000773A84 /* CreatePersonViewController.swift in Sources */,
				8EF54AB328AD03E8007914CF /* CreatePersonScreenCoordinator.swift in Sources */,
				8E64A4A128AC15C800552302 /* StoryboardEnum.swift in Sources */,
				8EF54ACE28AE3B06007914CF /* CreatePersonScreenDelegate.swift in Sources */,
				8EF54AAE28ACE160007914CF /* UsersTableScreenCoordinator.swift in Sources */,
				8E5CF50828AC542B000BB6EA /* PersonTableViewCell.swift in Sources */,
				8E5CF4F928AC4D84000BB6EA /* AlertEnum.swift in Sources */,
				8E5CF4FB28AC4FBF000BB6EA /* UIViewControllerExtension.swift in Sources */,
				8EB14AB328AC0A0D00773A84 /* UsersTableViewController.swift in Sources */,
				8EF54AB028ACE8C2007914CF /* CurrentUserViewController.swift in Sources */,
				8E64A4A428AC169700552302 /* UIStoryboardExtension.swift in Sources */,
				8EF54AC228AD52CE007914CF /* UserTableViewCell.swift in Sources */,
				8E5CF50128AC5127000BB6EA /* User.swift in Sources */,
				8EF54AB828AD0B6F007914CF /* CurrentUserScreenCoordinator.swift in Sources */,
				8EF54AB528AD0718007914CF /* UINavigationController.swift in Sources */,
				8E5CF4F728AC4BAF000BB6EA /* AppColor.swift in Sources */,
				8EF54AC628AD77BE007914CF /* UsersTableScreenLayoutManager.swift in Sources */,
			);
			runOnlyForDeploymentPostprocessing = 0;
		};
/* End PBXSourcesBuildPhase section */

/* Begin PBXVariantGroup section */
		8EB14A9928AC027100773A84 /* LaunchScreen.storyboard */ = {
			isa = PBXVariantGroup;
			children = (
				8EB14A9A28AC027100773A84 /* Base */,
			);
			name = LaunchScreen.storyboard;
			sourceTree = "<group>";
		};
/* End PBXVariantGroup section */

/* Begin XCBuildConfiguration section */
		8EB14A9D28AC027100773A84 /* Debug */ = {
			isa = XCBuildConfiguration;
			buildSettings = {
				ALWAYS_SEARCH_USER_PATHS = NO;
				CLANG_ANALYZER_NONNULL = YES;
				CLANG_ANALYZER_NUMBER_OBJECT_CONVERSION = YES_AGGRESSIVE;
				CLANG_CXX_LANGUAGE_STANDARD = "gnu++17";
				CLANG_ENABLE_MODULES = YES;
				CLANG_ENABLE_OBJC_ARC = YES;
				CLANG_ENABLE_OBJC_WEAK = YES;
				CLANG_WARN_BLOCK_CAPTURE_AUTORELEASING = YES;
				CLANG_WARN_BOOL_CONVERSION = YES;
				CLANG_WARN_COMMA = YES;
				CLANG_WARN_CONSTANT_CONVERSION = YES;
				CLANG_WARN_DEPRECATED_OBJC_IMPLEMENTATIONS = YES;
				CLANG_WARN_DIRECT_OBJC_ISA_USAGE = YES_ERROR;
				CLANG_WARN_DOCUMENTATION_COMMENTS = YES;
				CLANG_WARN_EMPTY_BODY = YES;
				CLANG_WARN_ENUM_CONVERSION = YES;
				CLANG_WARN_INFINITE_RECURSION = YES;
				CLANG_WARN_INT_CONVERSION = YES;
				CLANG_WARN_NON_LITERAL_NULL_CONVERSION = YES;
				CLANG_WARN_OBJC_IMPLICIT_RETAIN_SELF = YES;
				CLANG_WARN_OBJC_LITERAL_CONVERSION = YES;
				CLANG_WARN_OBJC_ROOT_CLASS = YES_ERROR;
				CLANG_WARN_QUOTED_INCLUDE_IN_FRAMEWORK_HEADER = YES;
				CLANG_WARN_RANGE_LOOP_ANALYSIS = YES;
				CLANG_WARN_STRICT_PROTOTYPES = YES;
				CLANG_WARN_SUSPICIOUS_MOVE = YES;
				CLANG_WARN_UNGUARDED_AVAILABILITY = YES_AGGRESSIVE;
				CLANG_WARN_UNREACHABLE_CODE = YES;
				CLANG_WARN__DUPLICATE_METHOD_MATCH = YES;
				COPY_PHASE_STRIP = NO;
				DEBUG_INFORMATION_FORMAT = dwarf;
				ENABLE_STRICT_OBJC_MSGSEND = YES;
				ENABLE_TESTABILITY = YES;
				GCC_C_LANGUAGE_STANDARD = gnu11;
				GCC_DYNAMIC_NO_PIC = NO;
				GCC_NO_COMMON_BLOCKS = YES;
				GCC_OPTIMIZATION_LEVEL = 0;
				GCC_PREPROCESSOR_DEFINITIONS = (
					"DEBUG=1",
					"$(inherited)",
				);
				GCC_WARN_64_TO_32_BIT_CONVERSION = YES;
				GCC_WARN_ABOUT_RETURN_TYPE = YES_ERROR;
				GCC_WARN_UNDECLARED_SELECTOR = YES;
				GCC_WARN_UNINITIALIZED_AUTOS = YES_AGGRESSIVE;
				GCC_WARN_UNUSED_FUNCTION = YES;
				GCC_WARN_UNUSED_VARIABLE = YES;
				IPHONEOS_DEPLOYMENT_TARGET = 15.5;
				MTL_ENABLE_DEBUG_INFO = INCLUDE_SOURCE;
				MTL_FAST_MATH = YES;
				ONLY_ACTIVE_ARCH = YES;
				SDKROOT = iphoneos;
				SWIFT_ACTIVE_COMPILATION_CONDITIONS = DEBUG;
				SWIFT_OPTIMIZATION_LEVEL = "-Onone";
			};
			name = Debug;
		};
		8EB14A9E28AC027100773A84 /* Release */ = {
			isa = XCBuildConfiguration;
			buildSettings = {
				ALWAYS_SEARCH_USER_PATHS = NO;
				CLANG_ANALYZER_NONNULL = YES;
				CLANG_ANALYZER_NUMBER_OBJECT_CONVERSION = YES_AGGRESSIVE;
				CLANG_CXX_LANGUAGE_STANDARD = "gnu++17";
				CLANG_ENABLE_MODULES = YES;
				CLANG_ENABLE_OBJC_ARC = YES;
				CLANG_ENABLE_OBJC_WEAK = YES;
				CLANG_WARN_BLOCK_CAPTURE_AUTORELEASING = YES;
				CLANG_WARN_BOOL_CONVERSION = YES;
				CLANG_WARN_COMMA = YES;
				CLANG_WARN_CONSTANT_CONVERSION = YES;
				CLANG_WARN_DEPRECATED_OBJC_IMPLEMENTATIONS = YES;
				CLANG_WARN_DIRECT_OBJC_ISA_USAGE = YES_ERROR;
				CLANG_WARN_DOCUMENTATION_COMMENTS = YES;
				CLANG_WARN_EMPTY_BODY = YES;
				CLANG_WARN_ENUM_CONVERSION = YES;
				CLANG_WARN_INFINITE_RECURSION = YES;
				CLANG_WARN_INT_CONVERSION = YES;
				CLANG_WARN_NON_LITERAL_NULL_CONVERSION = YES;
				CLANG_WARN_OBJC_IMPLICIT_RETAIN_SELF = YES;
				CLANG_WARN_OBJC_LITERAL_CONVERSION = YES;
				CLANG_WARN_OBJC_ROOT_CLASS = YES_ERROR;
				CLANG_WARN_QUOTED_INCLUDE_IN_FRAMEWORK_HEADER = YES;
				CLANG_WARN_RANGE_LOOP_ANALYSIS = YES;
				CLANG_WARN_STRICT_PROTOTYPES = YES;
				CLANG_WARN_SUSPICIOUS_MOVE = YES;
				CLANG_WARN_UNGUARDED_AVAILABILITY = YES_AGGRESSIVE;
				CLANG_WARN_UNREACHABLE_CODE = YES;
				CLANG_WARN__DUPLICATE_METHOD_MATCH = YES;
				COPY_PHASE_STRIP = NO;
				DEBUG_INFORMATION_FORMAT = "dwarf-with-dsym";
				ENABLE_NS_ASSERTIONS = NO;
				ENABLE_STRICT_OBJC_MSGSEND = YES;
				GCC_C_LANGUAGE_STANDARD = gnu11;
				GCC_NO_COMMON_BLOCKS = YES;
				GCC_WARN_64_TO_32_BIT_CONVERSION = YES;
				GCC_WARN_ABOUT_RETURN_TYPE = YES_ERROR;
				GCC_WARN_UNDECLARED_SELECTOR = YES;
				GCC_WARN_UNINITIALIZED_AUTOS = YES_AGGRESSIVE;
				GCC_WARN_UNUSED_FUNCTION = YES;
				GCC_WARN_UNUSED_VARIABLE = YES;
				IPHONEOS_DEPLOYMENT_TARGET = 15.5;
				MTL_ENABLE_DEBUG_INFO = NO;
				MTL_FAST_MATH = YES;
				SDKROOT = iphoneos;
				SWIFT_COMPILATION_MODE = wholemodule;
				SWIFT_OPTIMIZATION_LEVEL = "-O";
				VALIDATE_PRODUCT = YES;
			};
			name = Release;
		};
		8EB14AA028AC027100773A84 /* Debug */ = {
			isa = XCBuildConfiguration;
			baseConfigurationReference = 63EB1D74E781D3EF8D8D3DBB /* Pods-Person.debug.xcconfig */;
			buildSettings = {
				ASSETCATALOG_COMPILER_APPICON_NAME = AppIcon;
				ASSETCATALOG_COMPILER_GLOBAL_ACCENT_COLOR_NAME = AccentColor;
				CODE_SIGN_STYLE = Automatic;
				CURRENT_PROJECT_VERSION = 1;
				DEVELOPMENT_TEAM = 8HDA39CT36;
				GENERATE_INFOPLIST_FILE = YES;
				INFOPLIST_FILE = Person/Person/Info.plist;
				INFOPLIST_KEY_UIApplicationSupportsIndirectInputEvents = YES;
				INFOPLIST_KEY_UILaunchStoryboardName = LaunchScreen;
				INFOPLIST_KEY_UIMainStoryboardFile = UsersTable;
				INFOPLIST_KEY_UISupportedInterfaceOrientations_iPad = "UIInterfaceOrientationPortrait UIInterfaceOrientationPortraitUpsideDown UIInterfaceOrientationLandscapeLeft UIInterfaceOrientationLandscapeRight";
				INFOPLIST_KEY_UISupportedInterfaceOrientations_iPhone = "UIInterfaceOrientationPortrait UIInterfaceOrientationLandscapeLeft UIInterfaceOrientationLandscapeRight";
				LD_RUNPATH_SEARCH_PATHS = (
					"$(inherited)",
					"@executable_path/Frameworks",
				);
				MARKETING_VERSION = 1.0;
				PRODUCT_BUNDLE_IDENTIFIER = access.random.Person;
				PRODUCT_NAME = "$(TARGET_NAME)";
				SWIFT_EMIT_LOC_STRINGS = YES;
				SWIFT_VERSION = 5.0;
				TARGETED_DEVICE_FAMILY = "1,2";
			};
			name = Debug;
		};
		8EB14AA128AC027100773A84 /* Release */ = {
			isa = XCBuildConfiguration;
			baseConfigurationReference = CEEF8E77F13668E6D51A29D0 /* Pods-Person.release.xcconfig */;
			buildSettings = {
				ASSETCATALOG_COMPILER_APPICON_NAME = AppIcon;
				ASSETCATALOG_COMPILER_GLOBAL_ACCENT_COLOR_NAME = AccentColor;
				CODE_SIGN_STYLE = Automatic;
				CURRENT_PROJECT_VERSION = 1;
				DEVELOPMENT_TEAM = 8HDA39CT36;
				GENERATE_INFOPLIST_FILE = YES;
				INFOPLIST_FILE = Person/Person/Info.plist;
				INFOPLIST_KEY_UIApplicationSupportsIndirectInputEvents = YES;
				INFOPLIST_KEY_UILaunchStoryboardName = LaunchScreen;
				INFOPLIST_KEY_UIMainStoryboardFile = UsersTable;
				INFOPLIST_KEY_UISupportedInterfaceOrientations_iPad = "UIInterfaceOrientationPortrait UIInterfaceOrientationPortraitUpsideDown UIInterfaceOrientationLandscapeLeft UIInterfaceOrientationLandscapeRight";
				INFOPLIST_KEY_UISupportedInterfaceOrientations_iPhone = "UIInterfaceOrientationPortrait UIInterfaceOrientationLandscapeLeft UIInterfaceOrientationLandscapeRight";
				LD_RUNPATH_SEARCH_PATHS = (
					"$(inherited)",
					"@executable_path/Frameworks",
				);
				MARKETING_VERSION = 1.0;
				PRODUCT_BUNDLE_IDENTIFIER = access.random.Person;
				PRODUCT_NAME = "$(TARGET_NAME)";
				SWIFT_EMIT_LOC_STRINGS = YES;
				SWIFT_VERSION = 5.0;
				TARGETED_DEVICE_FAMILY = "1,2";
			};
			name = Release;
		};
/* End XCBuildConfiguration section */

/* Begin XCConfigurationList section */
		8EB14A8628AC027000773A84 /* Build configuration list for PBXProject "Person" */ = {
			isa = XCConfigurationList;
			buildConfigurations = (
				8EB14A9D28AC027100773A84 /* Debug */,
				8EB14A9E28AC027100773A84 /* Release */,
			);
			defaultConfigurationIsVisible = 0;
			defaultConfigurationName = Release;
		};
		8EB14A9F28AC027100773A84 /* Build configuration list for PBXNativeTarget "Person" */ = {
			isa = XCConfigurationList;
			buildConfigurations = (
				8EB14AA028AC027100773A84 /* Debug */,
				8EB14AA128AC027100773A84 /* Release */,
			);
			defaultConfigurationIsVisible = 0;
			defaultConfigurationName = Release;
		};
/* End XCConfigurationList section */
	};
	rootObject = 8EB14A8328AC027000773A84 /* Project object */;
}
